
Microsoft Visual Studio Solution File, Format Version 12.00
# Visual Studio 15
VisualStudioVersion = 15.0.28010.2019
MinimumVisualStudioVersion = 10.0.40219.1
Project("{FAE04EC0-301F-11D3-BF4B-00C04F79EFBC}") = "EdgePlayer", "MainProject\EdgePlayer.csproj", "{905564E8-C5F6-4A0C-ADE7-17F6D0EE15AB}"
EndProject
Global
	GlobalSection(SolutionConfigurationPlatforms) = preSolution
		Debug|Any CPU = Debug|Any CPU
		Release|Any CPU = Release|Any CPU
	EndGlobalSection
	GlobalSection(ProjectConfigurationPlatforms) = postSolution
		{905564E8-C5F6-4A0C-ADE7-17F6D0EE15AB}.Debug|Any CPU.ActiveCfg = Debug|Any CPU
		{905564E8-C5F6-4A0C-ADE7-17F6D0EE15AB}.Debug|Any CPU.Build.0 = Debug|Any CPU
		{905564E8-C5F6-4A0C-ADE7-17F6D0EE15AB}.Release|Any CPU.ActiveCfg = Release|Any CPU
		{905564E8-C5F6-4A0C-ADE7-17F6D0EE15AB}.Release|Any CPU.Build.0 = Release|Any CPU
	EndGlobalSection
	GlobalSection(SolutionProperties) = preSolution
		HideSolutionNode = FALSE
	EndGlobalSection
	GlobalSection(ExtensibilityGlobals) = postSolution
		SolutionGuid = {3C7E107D-CF2D-43B3-9F7F-BD0B6F4C6FDB}
	EndGlobalSection
EndGlobal
